
Microsoft Visual Studio Solution File, Format Version 12.00
# Visual Studio Version 17
VisualStudioVersion = 17.4.33110.190
MinimumVisualStudioVersion = 15.0.26124.0
Project("{9A19103F-16F7-4668-BE54-9A1E7A4F7556}") = "AvaloniaGif", "AvaloniaGif\AvaloniaGif.csproj", "{80369856-5FC2-4ABE-B87B-BF24732AFF53}"
EndProject
Project("{9A19103F-16F7-4668-BE54-9A1E7A4F7556}") = "AvaloniaGif.Demo", "AvaloniaGif.Demo\AvaloniaGif.Demo.csproj", "{4593C17D-E403-4852-94A1-C7D406BA72B7}"
EndProject
Project("{FAE04EC0-301F-11D3-BF4B-00C04F79EFBC}") = "AvaloniaGif.Test", "AvaloniaGif.Test\AvaloniaGif.Test.csproj", "{02AD63EA-5CC1-4B46-A1B2-E94373ED92A3}"
EndProject
Global
	GlobalSection(SolutionConfigurationPlatforms) = preSolution
		Debug|Any CPU = Debug|Any CPU
		Debug|x64 = Debug|x64
		Debug|x86 = Debug|x86
		Release|Any CPU = Release|Any CPU
		Release|x64 = Release|x64
		Release|x86 = Release|x86
	EndGlobalSection
	GlobalSection(ProjectConfigurationPlatforms) = postSolution
		{80369856-5FC2-4ABE-B87B-BF24732AFF53}.Debug|Any CPU.ActiveCfg = Debug|Any CPU
		{80369856-5FC2-4ABE-B87B-BF24732AFF53}.Debug|Any CPU.Build.0 = Debug|Any CPU
		{80369856-5FC2-4ABE-B87B-BF24732AFF53}.Debug|x64.ActiveCfg = Debug|Any CPU
		{80369856-5FC2-4ABE-B87B-BF24732AFF53}.Debug|x64.Build.0 = Debug|Any CPU
		{80369856-5FC2-4ABE-B87B-BF24732AFF53}.Debug|x86.ActiveCfg = Debug|Any CPU
		{80369856-5FC2-4ABE-B87B-BF24732AFF53}.Debug|x86.Build.0 = Debug|Any CPU
		{80369856-5FC2-4ABE-B87B-BF24732AFF53}.Release|Any CPU.ActiveCfg = Release|Any CPU
		{80369856-5FC2-4ABE-B87B-BF24732AFF53}.Release|Any CPU.Build.0 = Release|Any CPU
		{80369856-5FC2-4ABE-B87B-BF24732AFF53}.Release|x64.ActiveCfg = Release|Any CPU
		{80369856-5FC2-4ABE-B87B-BF24732AFF53}.Release|x64.Build.0 = Release|Any CPU
		{80369856-5FC2-4ABE-B87B-BF24732AFF53}.Release|x86.ActiveCfg = Release|Any CPU
		{80369856-5FC2-4ABE-B87B-BF24732AFF53}.Release|x86.Build.0 = Release|Any CPU
		{4593C17D-E403-4852-94A1-C7D406BA72B7}.Debug|Any CPU.ActiveCfg = Debug|Any CPU
		{4593C17D-E403-4852-94A1-C7D406BA72B7}.Debug|Any CPU.Build.0 = Debug|Any CPU
		{4593C17D-E403-4852-94A1-C7D406BA72B7}.Debug|x64.ActiveCfg = Debug|Any CPU
		{4593C17D-E403-4852-94A1-C7D406BA72B7}.Debug|x64.Build.0 = Debug|Any CPU
		{4593C17D-E403-4852-94A1-C7D406BA72B7}.Debug|x86.ActiveCfg = Debug|Any CPU
		{4593C17D-E403-4852-94A1-C7D406BA72B7}.Debug|x86.Build.0 = Debug|Any CPU
		{4593C17D-E403-4852-94A1-C7D406BA72B7}.Release|Any CPU.ActiveCfg = Release|Any CPU
		{4593C17D-E403-4852-94A1-C7D406BA72B7}.Release|Any CPU.Build.0 = Release|Any CPU
		{4593C17D-E403-4852-94A1-C7D406BA72B7}.Release|x64.ActiveCfg = Release|Any CPU
		{4593C17D-E403-4852-94A1-C7D406BA72B7}.Release|x64.Build.0 = Release|Any CPU
		{4593C17D-E403-4852-94A1-C7D406BA72B7}.Release|x86.ActiveCfg = Release|Any CPU
		{4593C17D-E403-4852-94A1-C7D406BA72B7}.Release|x86.Build.0 = Release|Any CPU
		{02AD63EA-5CC1-4B46-A1B2-E94373ED92A3}.Debug|Any CPU.ActiveCfg = Debug|Any CPU
		{02AD63EA-5CC1-4B46-A1B2-E94373ED92A3}.Debug|Any CPU.Build.0 = Debug|Any CPU
		{02AD63EA-5CC1-4B46-A1B2-E94373ED92A3}.Debug|x64.ActiveCfg = Debug|Any CPU
		{02AD63EA-5CC1-4B46-A1B2-E94373ED92A3}.Debug|x64.Build.0 = Debug|Any CPU
		{02AD63EA-5CC1-4B46-A1B2-E94373ED92A3}.Debug|x86.ActiveCfg = Debug|Any CPU
		{02AD63EA-5CC1-4B46-A1B2-E94373ED92A3}.Debug|x86.Build.0 = Debug|Any CPU
		{02AD63EA-5CC1-4B46-A1B2-E94373ED92A3}.Release|Any CPU.ActiveCfg = Release|Any CPU
		{02AD63EA-5CC1-4B46-A1B2-E94373ED92A3}.Release|Any CPU.Build.0 = Release|Any CPU
		{02AD63EA-5CC1-4B46-A1B2-E94373ED92A3}.Release|x64.ActiveCfg = Release|Any CPU
		{02AD63EA-5CC1-4B46-A1B2-E94373ED92A3}.Release|x64.Build.0 = Release|Any CPU
		{02AD63EA-5CC1-4B46-A1B2-E94373ED92A3}.Release|x86.ActiveCfg = Release|Any CPU
		{02AD63EA-5CC1-4B46-A1B2-E94373ED92A3}.Release|x86.Build.0 = Release|Any CPU
	EndGlobalSection
	GlobalSection(SolutionProperties) = preSolution
		HideSolutionNode = FALSE
	EndGlobalSection
	GlobalSection(ExtensibilityGlobals) = postSolution
		SolutionGuid = {4E924A5F-C4F0-4834-BA9F-C9116ADE81C1}
	EndGlobalSection
EndGlobal
